// !$*UTF8*$!
{
	archiveVersion = 1;
	classes = {
	};
	objectVersion = 50;
	objects = {

/* Begin PBXBuildFile section */
		2C3F0CA6241BD96300F7FFDE /* Assets.xcassets in Resources */ = {isa = PBXBuildFile; fileRef = 2C3F0CA5241BD96300F7FFDE /* Assets.xcassets */; };
		2C3F0CA9241BD96300F7FFDE /* LaunchScreen.storyboard in Resources */ = {isa = PBXBuildFile; fileRef = 2C3F0CA7241BD96300F7FFDE /* LaunchScreen.storyboard */; };
		2C3F0CB3241BDB9600F7FFDE /* HomeCoordinator.swift in Sources */ = {isa = PBXBuildFile; fileRef = 2C3F0CB2241BDB9600F7FFDE /* HomeCoordinator.swift */; };
		2C3F0CB5241BDBC800F7FFDE /* HomeRouter.swift in Sources */ = {isa = PBXBuildFile; fileRef = 2C3F0CB4241BDBC800F7FFDE /* HomeRouter.swift */; };
		2C3F0CB7241BDC2800F7FFDE /* Router.swift in Sources */ = {isa = PBXBuildFile; fileRef = 2C3F0CB6241BDC2800F7FFDE /* Router.swift */; };
		2C3F0CBA241BDF8800F7FFDE /* SearchVC.swift in Sources */ = {isa = PBXBuildFile; fileRef = 2C3F0CA0241BD95E00F7FFDE /* SearchVC.swift */; };
		2C3F0CBB241BDFD400F7FFDE /* AppDelegate.swift in Sources */ = {isa = PBXBuildFile; fileRef = 2C3F0C9C241BD95E00F7FFDE /* AppDelegate.swift */; };
		2C3F0CE5241CFF1A00F7FFDE /* Requestable.swift in Sources */ = {isa = PBXBuildFile; fileRef = 2C3F0CE4241CFF1A00F7FFDE /* Requestable.swift */; };
		2C3F0CE7241CFF5F00F7FFDE /* ApiManager.swift in Sources */ = {isa = PBXBuildFile; fileRef = 2C3F0CE6241CFF5F00F7FFDE /* ApiManager.swift */; };
		2C3F0CEA241D04B700F7FFDE /* ErrorAlert.swift in Sources */ = {isa = PBXBuildFile; fileRef = 2C3F0CE9241D04B700F7FFDE /* ErrorAlert.swift */; };
		2C3F0CED241D059D00F7FFDE /* ImagesResponse.swift in Sources */ = {isa = PBXBuildFile; fileRef = 2C3F0CEC241D059D00F7FFDE /* ImagesResponse.swift */; };
		2C3F0CEF241D05EC00F7FFDE /* ImageData.swift in Sources */ = {isa = PBXBuildFile; fileRef = 2C3F0CEE241D05EC00F7FFDE /* ImageData.swift */; };
		2C3F0CF2241D1DD800F7FFDE /* ImageDownloader.swift in Sources */ = {isa = PBXBuildFile; fileRef = 2C3F0CF1241D1DD800F7FFDE /* ImageDownloader.swift */; };
/* End PBXBuildFile section */

/* Begin PBXFileReference section */
		2C3F0C99241BD95E00F7FFDE /* testPic.app */ = {isa = PBXFileReference; explicitFileType = wrapper.application; includeInIndex = 0; path = testPic.app; sourceTree = BUILT_PRODUCTS_DIR; };
		2C3F0C9C241BD95E00F7FFDE /* AppDelegate.swift */ = {isa = PBXFileReference; lastKnownFileType = sourcecode.swift; path = AppDelegate.swift; sourceTree = "<group>"; };
		2C3F0CA0241BD95E00F7FFDE /* SearchVC.swift */ = {isa = PBXFileReference; lastKnownFileType = sourcecode.swift; path = SearchVC.swift; sourceTree = "<group>"; };
		2C3F0CA5241BD96300F7FFDE /* Assets.xcassets */ = {isa = PBXFileReference; lastKnownFileType = folder.assetcatalog; path = Assets.xcassets; sourceTree = "<group>"; };
		2C3F0CA8241BD96300F7FFDE /* Base */ = {isa = PBXFileReference; lastKnownFileType = file.storyboard; name = Base; path = Base.lproj/LaunchScreen.storyboard; sourceTree = "<group>"; };
		2C3F0CAA241BD96300F7FFDE /* Info.plist */ = {isa = PBXFileReference; lastKnownFileType = text.plist.xml; path = Info.plist; sourceTree = "<group>"; };
		2C3F0CB2241BDB9600F7FFDE /* HomeCoordinator.swift */ = {isa = PBXFileReference; lastKnownFileType = sourcecode.swift; path = HomeCoordinator.swift; sourceTree = "<group>"; };
		2C3F0CB4241BDBC800F7FFDE /* HomeRouter.swift */ = {isa = PBXFileReference; lastKnownFileType = sourcecode.swift; path = HomeRouter.swift; sourceTree = "<group>"; };
		2C3F0CB6241BDC2800F7FFDE /* Router.swift */ = {isa = PBXFileReference; lastKnownFileType = sourcecode.swift; path = Router.swift; sourceTree = "<group>"; };
		2C3F0CE4241CFF1A00F7FFDE /* Requestable.swift */ = {isa = PBXFileReference; lastKnownFileType = sourcecode.swift; path = Requestable.swift; sourceTree = "<group>"; };
		2C3F0CE6241CFF5F00F7FFDE /* ApiManager.swift */ = {isa = PBXFileReference; lastKnownFileType = sourcecode.swift; path = ApiManager.swift; sourceTree = "<group>"; };
		2C3F0CE9241D04B700F7FFDE /* ErrorAlert.swift */ = {isa = PBXFileReference; lastKnownFileType = sourcecode.swift; path = ErrorAlert.swift; sourceTree = "<group>"; };
		2C3F0CEC241D059D00F7FFDE /* ImagesResponse.swift */ = {isa = PBXFileReference; lastKnownFileType = sourcecode.swift; path = ImagesResponse.swift; sourceTree = "<group>"; };
		2C3F0CEE241D05EC00F7FFDE /* ImageData.swift */ = {isa = PBXFileReference; lastKnownFileType = sourcecode.swift; path = ImageData.swift; sourceTree = "<group>"; };
		2C3F0CF1241D1DD800F7FFDE /* ImageDownloader.swift */ = {isa = PBXFileReference; lastKnownFileType = sourcecode.swift; path = ImageDownloader.swift; sourceTree = "<group>"; };
/* End PBXFileReference section */

/* Begin PBXFrameworksBuildPhase section */
		2C3F0C96241BD95E00F7FFDE /* Frameworks */ = {
			isa = PBXFrameworksBuildPhase;
			buildActionMask = 2147483647;
			files = (
			);
			runOnlyForDeploymentPostprocessing = 0;
		};
/* End PBXFrameworksBuildPhase section */

/* Begin PBXGroup section */
		2C3F0C90241BD95E00F7FFDE = {
			isa = PBXGroup;
			children = (
				2C3F0C9B241BD95E00F7FFDE /* testPic */,
				2C3F0C9A241BD95E00F7FFDE /* Products */,
			);
			sourceTree = "<group>";
		};
		2C3F0C9A241BD95E00F7FFDE /* Products */ = {
			isa = PBXGroup;
			children = (
				2C3F0C99241BD95E00F7FFDE /* testPic.app */,
			);
			name = Products;
			sourceTree = "<group>";
		};
		2C3F0C9B241BD95E00F7FFDE /* testPic */ = {
			isa = PBXGroup;
			children = (
				2C3F0CE8241D049700F7FFDE /* Extensions */,
				2C3F0CE3241CFE2C00F7FFDE /* API */,
				2C3F0CB9241BDEA400F7FFDE /* Controller */,
				2C3F0CB8241BDE9800F7FFDE /* AppDelegate */,
				2C3F0CB1241BDB8700F7FFDE /* Router */,
				2C3F0CB0241BDB7F00F7FFDE /* Coordinator */,
				2C3F0CA5241BD96300F7FFDE /* Assets.xcassets */,
				2C3F0CA7241BD96300F7FFDE /* LaunchScreen.storyboard */,
				2C3F0CAA241BD96300F7FFDE /* Info.plist */,
			);
			path = testPic;
			sourceTree = "<group>";
		};
		2C3F0CB0241BDB7F00F7FFDE /* Coordinator */ = {
			isa = PBXGroup;
			children = (
				2C3F0CB2241BDB9600F7FFDE /* HomeCoordinator.swift */,
			);
			path = Coordinator;
			sourceTree = "<group>";
		};
		2C3F0CB1241BDB8700F7FFDE /* Router */ = {
			isa = PBXGroup;
			children = (
				2C3F0CB4241BDBC800F7FFDE /* HomeRouter.swift */,
				2C3F0CB6241BDC2800F7FFDE /* Router.swift */,
			);
			path = Router;
			sourceTree = "<group>";
		};
		2C3F0CB8241BDE9800F7FFDE /* AppDelegate */ = {
			isa = PBXGroup;
			children = (
				2C3F0C9C241BD95E00F7FFDE /* AppDelegate.swift */,
			);
			path = AppDelegate;
			sourceTree = "<group>";
		};
		2C3F0CB9241BDEA400F7FFDE /* Controller */ = {
			isa = PBXGroup;
			children = (
				2C3F0CA0241BD95E00F7FFDE /* SearchVC.swift */,
			);
			path = Controller;
			sourceTree = "<group>";
		};
		2C3F0CE3241CFE2C00F7FFDE /* API */ = {
			isa = PBXGroup;
			children = (
				2C3F0CE6241CFF5F00F7FFDE /* ApiManager.swift */,
				2C3F0CE4241CFF1A00F7FFDE /* Requestable.swift */,
				2C3F0CF1241D1DD800F7FFDE /* ImageDownloader.swift */,
				2C3F0CEB241D052B00F7FFDE /* PresenceModels */,
			);
			path = API;
			sourceTree = "<group>";
		};
		2C3F0CE8241D049700F7FFDE /* Extensions */ = {
			isa = PBXGroup;
			children = (
				2C3F0CE9241D04B700F7FFDE /* ErrorAlert.swift */,
			);
			path = Extensions;
			sourceTree = "<group>";
		};
		2C3F0CEB241D052B00F7FFDE /* PresenceModels */ = {
			isa = PBXGroup;
			children = (
				2C3F0CEC241D059D00F7FFDE /* ImagesResponse.swift */,
				2C3F0CEE241D05EC00F7FFDE /* ImageData.swift */,
			);
			path = PresenceModels;
			sourceTree = "<group>";
		};
/* End PBXGroup section */

/* Begin PBXNativeTarget section */
		2C3F0C98241BD95E00F7FFDE /* testPic */ = {
			isa = PBXNativeTarget;
			buildConfigurationList = 2C3F0CAD241BD96300F7FFDE /* Build configuration list for PBXNativeTarget "testPic" */;
			buildPhases = (
				2C3F0C95241BD95E00F7FFDE /* Sources */,
				2C3F0C96241BD95E00F7FFDE /* Frameworks */,
				2C3F0C97241BD95E00F7FFDE /* Resources */,
			);
			buildRules = (
			);
			dependencies = (
			);
			name = testPic;
			productName = testPic;
			productReference = 2C3F0C99241BD95E00F7FFDE /* testPic.app */;
			productType = "com.apple.product-type.application";
		};
/* End PBXNativeTarget section */

/* Begin PBXProject section */
		2C3F0C91241BD95E00F7FFDE /* Project object */ = {
			isa = PBXProject;
			attributes = {
				LastSwiftUpdateCheck = 1130;
				LastUpgradeCheck = 1130;
				ORGANIZATIONNAME = dima;
				TargetAttributes = {
					2C3F0C98241BD95E00F7FFDE = {
						CreatedOnToolsVersion = 11.3.1;
					};
				};
			};
			buildConfigurationList = 2C3F0C94241BD95E00F7FFDE /* Build configuration list for PBXProject "testPic" */;
			compatibilityVersion = "Xcode 9.3";
			developmentRegion = en;
			hasScannedForEncodings = 0;
			knownRegions = (
				en,
				Base,
			);
			mainGroup = 2C3F0C90241BD95E00F7FFDE;
			productRefGroup = 2C3F0C9A241BD95E00F7FFDE /* Products */;
			projectDirPath = "";
			projectRoot = "";
			targets = (
				2C3F0C98241BD95E00F7FFDE /* testPic */,
			);
		};
/* End PBXProject section */

/* Begin PBXResourcesBuildPhase section */
		2C3F0C97241BD95E00F7FFDE /* Resources */ = {
			isa = PBXResourcesBuildPhase;
			buildActionMask = 2147483647;
			files = (
				2C3F0CA9241BD96300F7FFDE /* LaunchScreen.storyboard in Resources */,
				2C3F0CA6241BD96300F7FFDE /* Assets.xcassets in Resources */,
			);
			runOnlyForDeploymentPostprocessing = 0;
		};
/* End PBXResourcesBuildPhase section */

/* Begin PBXSourcesBuildPhase section */
		2C3F0C95241BD95E00F7FFDE /* Sources */ = {
			isa = PBXSourcesBuildPhase;
			buildActionMask = 2147483647;
			files = (
				2C3F0CB5241BDBC800F7FFDE /* HomeRouter.swift in Sources */,
				2C3F0CBA241BDF8800F7FFDE /* SearchVC.swift in Sources */,
				2C3F0CED241D059D00F7FFDE /* ImagesResponse.swift in Sources */,
				2C3F0CEF241D05EC00F7FFDE /* ImageData.swift in Sources */,
				2C3F0CB7241BDC2800F7FFDE /* Router.swift in Sources */,
				2C3F0CE5241CFF1A00F7FFDE /* Requestable.swift in Sources */,
				2C3F0CF2241D1DD800F7FFDE /* ImageDownloader.swift in Sources */,
				2C3F0CBB241BDFD400F7FFDE /* AppDelegate.swift in Sources */,
				2C3F0CEA241D04B700F7FFDE /* ErrorAlert.swift in Sources */,
				2C3F0CB3241BDB9600F7FFDE /* HomeCoordinator.swift in Sources */,
				2C3F0CE7241CFF5F00F7FFDE /* ApiManager.swift in Sources */,
			);
			runOnlyForDeploymentPostprocessing = 0;
		};
/* End PBXSourcesBuildPhase section */

/* Begin PBXVariantGroup section */
		2C3F0CA7241BD96300F7FFDE /* LaunchScreen.storyboard */ = {
			isa = PBXVariantGroup;
			children = (
				2C3F0CA8241BD96300F7FFDE /* Base */,
			);
			name = LaunchScreen.storyboard;
			sourceTree = "<group>";
		};
/* End PBXVariantGroup section */

/* Begin XCBuildConfiguration section */
		2C3F0CAB241BD96300F7FFDE /* Debug */ = {
			isa = XCBuildConfiguration;
			buildSettings = {
				ALWAYS_SEARCH_USER_PATHS = NO;
				CLANG_ANALYZER_NONNULL = YES;
				CLANG_ANALYZER_NUMBER_OBJECT_CONVERSION = YES_AGGRESSIVE;
				CLANG_CXX_LANGUAGE_STANDARD = "gnu++14";
				CLANG_CXX_LIBRARY = "libc++";
				CLANG_ENABLE_MODULES = YES;
				CLANG_ENABLE_OBJC_ARC = YES;
				CLANG_ENABLE_OBJC_WEAK = YES;
				CLANG_WARN_BLOCK_CAPTURE_AUTORELEASING = YES;
				CLANG_WARN_BOOL_CONVERSION = YES;
				CLANG_WARN_COMMA = YES;
				CLANG_WARN_CONSTANT_CONVERSION = YES;
				CLANG_WARN_DEPRECATED_OBJC_IMPLEMENTATIONS = YES;
				CLANG_WARN_DIRECT_OBJC_ISA_USAGE = YES_ERROR;
				CLANG_WARN_DOCUMENTATION_COMMENTS = YES;
				CLANG_WARN_EMPTY_BODY = YES;
				CLANG_WARN_ENUM_CONVERSION = YES;
				CLANG_WARN_INFINITE_RECURSION = YES;
				CLANG_WARN_INT_CONVERSION = YES;
				CLANG_WARN_NON_LITERAL_NULL_CONVERSION = YES;
				CLANG_WARN_OBJC_IMPLICIT_RETAIN_SELF = YES;
				CLANG_WARN_OBJC_LITERAL_CONVERSION = YES;
				CLANG_WARN_OBJC_ROOT_CLASS = YES_ERROR;
				CLANG_WARN_RANGE_LOOP_ANALYSIS = YES;
				CLANG_WARN_STRICT_PROTOTYPES = YES;
				CLANG_WARN_SUSPICIOUS_MOVE = YES;
				CLANG_WARN_UNGUARDED_AVAILABILITY = YES_AGGRESSIVE;
				CLANG_WARN_UNREACHABLE_CODE = YES;
				CLANG_WARN__DUPLICATE_METHOD_MATCH = YES;
				COPY_PHASE_STRIP = NO;
				DEBUG_INFORMATION_FORMAT = dwarf;
				ENABLE_STRICT_OBJC_MSGSEND = YES;
				ENABLE_TESTABILITY = YES;
				GCC_C_LANGUAGE_STANDARD = gnu11;
				GCC_DYNAMIC_NO_PIC = NO;
				GCC_NO_COMMON_BLOCKS = YES;
				GCC_OPTIMIZATION_LEVEL = 0;
				GCC_PREPROCESSOR_DEFINITIONS = (
					"DEBUG=1",
					"$(inherited)",
				);
				GCC_WARN_64_TO_32_BIT_CONVERSION = YES;
				GCC_WARN_ABOUT_RETURN_TYPE = YES_ERROR;
				GCC_WARN_UNDECLARED_SELECTOR = YES;
				GCC_WARN_UNINITIALIZED_AUTOS = YES_AGGRESSIVE;
				GCC_WARN_UNUSED_FUNCTION = YES;
				GCC_WARN_UNUSED_VARIABLE = YES;
				IPHONEOS_DEPLOYMENT_TARGET = 13.2;
				MTL_ENABLE_DEBUG_INFO = INCLUDE_SOURCE;
				MTL_FAST_MATH = YES;
				ONLY_ACTIVE_ARCH = YES;
				SDKROOT = iphoneos;
				SWIFT_ACTIVE_COMPILATION_CONDITIONS = DEBUG;
				SWIFT_OPTIMIZATION_LEVEL = "-Onone";
			};
			name = Debug;
		};
		2C3F0CAC241BD96300F7FFDE /* Release */ = {
			isa = XCBuildConfiguration;
			buildSettings = {
				ALWAYS_SEARCH_USER_PATHS = NO;
				CLANG_ANALYZER_NONNULL = YES;
				CLANG_ANALYZER_NUMBER_OBJECT_CONVERSION = YES_AGGRESSIVE;
				CLANG_CXX_LANGUAGE_STANDARD = "gnu++14";
				CLANG_CXX_LIBRARY = "libc++";
				CLANG_ENABLE_MODULES = YES;
				CLANG_ENABLE_OBJC_ARC = YES;
				CLANG_ENABLE_OBJC_WEAK = YES;
				CLANG_WARN_BLOCK_CAPTURE_AUTORELEASING = YES;
				CLANG_WARN_BOOL_CONVERSION = YES;
				CLANG_WARN_COMMA = YES;
				CLANG_WARN_CONSTANT_CONVERSION = YES;
				CLANG_WARN_DEPRECATED_OBJC_IMPLEMENTATIONS = YES;
				CLANG_WARN_DIRECT_OBJC_ISA_USAGE = YES_ERROR;
				CLANG_WARN_DOCUMENTATION_COMMENTS = YES;
				CLANG_WARN_EMPTY_BODY = YES;
				CLANG_WARN_ENUM_CONVERSION = YES;
				CLANG_WARN_INFINITE_RECURSION = YES;
				CLANG_WARN_INT_CONVERSION = YES;
				CLANG_WARN_NON_LITERAL_NULL_CONVERSION = YES;
				CLANG_WARN_OBJC_IMPLICIT_RETAIN_SELF = YES;
				CLANG_WARN_OBJC_LITERAL_CONVERSION = YES;
				CLANG_WARN_OBJC_ROOT_CLASS = YES_ERROR;
				CLANG_WARN_RANGE_LOOP_ANALYSIS = YES;
				CLANG_WARN_STRICT_PROTOTYPES = YES;
				CLANG_WARN_SUSPICIOUS_MOVE = YES;
				CLANG_WARN_UNGUARDED_AVAILABILITY = YES_AGGRESSIVE;
				CLANG_WARN_UNREACHABLE_CODE = YES;
				CLANG_WARN__DUPLICATE_METHOD_MATCH = YES;
				COPY_PHASE_STRIP = NO;
				DEBUG_INFORMATION_FORMAT = "dwarf-with-dsym";
				ENABLE_NS_ASSERTIONS = NO;
				ENABLE_STRICT_OBJC_MSGSEND = YES;
				GCC_C_LANGUAGE_STANDARD = gnu11;
				GCC_NO_COMMON_BLOCKS = YES;
				GCC_WARN_64_TO_32_BIT_CONVERSION = YES;
				GCC_WARN_ABOUT_RETURN_TYPE = YES_ERROR;
				GCC_WARN_UNDECLARED_SELECTOR = YES;
				GCC_WARN_UNINITIALIZED_AUTOS = YES_AGGRESSIVE;
				GCC_WARN_UNUSED_FUNCTION = YES;
				GCC_WARN_UNUSED_VARIABLE = YES;
				IPHONEOS_DEPLOYMENT_TARGET = 13.2;
				MTL_ENABLE_DEBUG_INFO = NO;
				MTL_FAST_MATH = YES;
				SDKROOT = iphoneos;
				SWIFT_COMPILATION_MODE = wholemodule;
				SWIFT_OPTIMIZATION_LEVEL = "-O";
				VALIDATE_PRODUCT = YES;
			};
			name = Release;
		};
		2C3F0CAE241BD96300F7FFDE /* Debug */ = {
			isa = XCBuildConfiguration;
			buildSettings = {
				ASSETCATALOG_COMPILER_APPICON_NAME = AppIcon;
				CODE_SIGN_STYLE = Automatic;
				DEVELOPMENT_TEAM = 452NG5983H;
				INFOPLIST_FILE = testPic/Info.plist;
				IPHONEOS_DEPLOYMENT_TARGET = 11.0;
				LD_RUNPATH_SEARCH_PATHS = (
					"$(inherited)",
					"@executable_path/Frameworks",
				);
				PRODUCT_BUNDLE_IDENTIFIER = com.dima.com.testPic;
				PRODUCT_NAME = "$(TARGET_NAME)";
				SWIFT_VERSION = 5.0;
				TARGETED_DEVICE_FAMILY = 1;
			};
			name = Debug;
		};
		2C3F0CAF241BD96300F7FFDE /* Release */ = {
			isa = XCBuildConfiguration;
			buildSettings = {
				ASSETCATALOG_COMPILER_APPICON_NAME = AppIcon;
				CODE_SIGN_STYLE = Automatic;
				DEVELOPMENT_TEAM = 452NG5983H;
				INFOPLIST_FILE = testPic/Info.plist;
				IPHONEOS_DEPLOYMENT_TARGET = 11.0;
				LD_RUNPATH_SEARCH_PATHS = (
					"$(inherited)",
					"@executable_path/Frameworks",
				);
				PRODUCT_BUNDLE_IDENTIFIER = com.dima.com.testPic;
				PRODUCT_NAME = "$(TARGET_NAME)";
				SWIFT_VERSION = 5.0;
				TARGETED_DEVICE_FAMILY = 1;
			};
			name = Release;
		};
/* End XCBuildConfiguration section */

/* Begin XCConfigurationList section */
		2C3F0C94241BD95E00F7FFDE /* Build configuration list for PBXProject "testPic" */ = {
			isa = XCConfigurationList;
			buildConfigurations = (
				2C3F0CAB241BD96300F7FFDE /* Debug */,
				2C3F0CAC241BD96300F7FFDE /* Release */,
			);
			defaultConfigurationIsVisible = 0;
			defaultConfigurationName = Release;
		};
		2C3F0CAD241BD96300F7FFDE /* Build configuration list for PBXNativeTarget "testPic" */ = {
			isa = XCConfigurationList;
			buildConfigurations = (
				2C3F0CAE241BD96300F7FFDE /* Debug */,
				2C3F0CAF241BD96300F7FFDE /* Release */,
			);
			defaultConfigurationIsVisible = 0;
			defaultConfigurationName = Release;
		};
/* End XCConfigurationList section */
	};
	rootObject = 2C3F0C91241BD95E00F7FFDE /* Project object */;
}
